// !$*UTF8*$!
{
	archiveVersion = 1;
	classes = {
	};
	objectVersion = 55;
	objects = {

/* Begin PBXBuildFile section */
		3DD3BE10285E1CDA000C91A6 /* pokedex_iosApp.swift in Sources */ = {isa = PBXBuildFile; fileRef = 3DD3BE0F285E1CDA000C91A6 /* pokedex_iosApp.swift */; };
		3DD3BE14285E1CDB000C91A6 /* Assets.xcassets in Resources */ = {isa = PBXBuildFile; fileRef = 3DD3BE13285E1CDB000C91A6 /* Assets.xcassets */; };
		3DD3BE17285E1CDB000C91A6 /* Preview Assets.xcassets in Resources */ = {isa = PBXBuildFile; fileRef = 3DD3BE16285E1CDB000C91A6 /* Preview Assets.xcassets */; };
		3DD3BE21285E1CDB000C91A6 /* pokedex_iosTests.swift in Sources */ = {isa = PBXBuildFile; fileRef = 3DD3BE20285E1CDB000C91A6 /* pokedex_iosTests.swift */; };
		3DD3BE2B285E1CDB000C91A6 /* pokedex_iosUITests.swift in Sources */ = {isa = PBXBuildFile; fileRef = 3DD3BE2A285E1CDB000C91A6 /* pokedex_iosUITests.swift */; };
		3DD3BE2D285E1CDB000C91A6 /* pokedex_iosUITestsLaunchTests.swift in Sources */ = {isa = PBXBuildFile; fileRef = 3DD3BE2C285E1CDB000C91A6 /* pokedex_iosUITestsLaunchTests.swift */; };
		3DD3BE40285E1E93000C91A6 /* HomeView.swift in Sources */ = {isa = PBXBuildFile; fileRef = 3DD3BE3F285E1E93000C91A6 /* HomeView.swift */; };
		3DD3BE42285E1ECE000C91A6 /* Pokemon.swift in Sources */ = {isa = PBXBuildFile; fileRef = 3DD3BE41285E1ECE000C91A6 /* Pokemon.swift */; };
		3DD3BE45285E20C1000C91A6 /* WebService.swift in Sources */ = {isa = PBXBuildFile; fileRef = 3DD3BE44285E20C1000C91A6 /* WebService.swift */; };
		3DD3BE47285E2CA1000C91A6 /* HomeViewModel.swift in Sources */ = {isa = PBXBuildFile; fileRef = 3DD3BE46285E2CA1000C91A6 /* HomeViewModel.swift */; };
		3DD3BE4A285E2CEE000C91A6 /* HomeUIState.swift in Sources */ = {isa = PBXBuildFile; fileRef = 3DD3BE49285E2CEE000C91A6 /* HomeUIState.swift */; };
		3DD3BE4C285E2E50000C91A6 /* HomeInteractor.swift in Sources */ = {isa = PBXBuildFile; fileRef = 3DD3BE4B285E2E50000C91A6 /* HomeInteractor.swift */; };
		3DD3BE4E285E328F000C91A6 /* PokemonDataSource.swift in Sources */ = {isa = PBXBuildFile; fileRef = 3DD3BE4D285E328F000C91A6 /* PokemonDataSource.swift */; };
		3DD3BE52285E72AE000C91A6 /* Result.swift in Sources */ = {isa = PBXBuildFile; fileRef = 3DD3BE51285E72AE000C91A6 /* Result.swift */; };
		3DD3BE54285E749B000C91A6 /* AppError.swift in Sources */ = {isa = PBXBuildFile; fileRef = 3DD3BE53285E749B000C91A6 /* AppError.swift */; };
		3DD3BE56285E8E04000C91A6 /* PokemonCell.swift in Sources */ = {isa = PBXBuildFile; fileRef = 3DD3BE55285E8E04000C91A6 /* PokemonCell.swift */; };
		3DD3BE5C285E9A0E000C91A6 /* Kingfisher in Frameworks */ = {isa = PBXBuildFile; productRef = 3DD3BE5B285E9A0E000C91A6 /* Kingfisher */; };
		3DD44D4B285F869E0032438E /* Int+Extension.swift in Sources */ = {isa = PBXBuildFile; fileRef = 3DD44D4A285F869E0032438E /* Int+Extension.swift */; };
		3DD44D4D285F886D0032438E /* String+Extension.swift in Sources */ = {isa = PBXBuildFile; fileRef = 3DD44D4C285F886D0032438E /* String+Extension.swift */; };
		3DD44D54285F94980032438E /* HomeViewRouter.swift in Sources */ = {isa = PBXBuildFile; fileRef = 3DD44D53285F94980032438E /* HomeViewRouter.swift */; };
		3DD44D5A285F94DB0032438E /* PokemonDetailView.swift in Sources */ = {isa = PBXBuildFile; fileRef = 3DD44D59285F94DB0032438E /* PokemonDetailView.swift */; };
		3DD44D5C285F9AD00032438E /* PokemonDetailViewModel.swift in Sources */ = {isa = PBXBuildFile; fileRef = 3DD44D5B285F9AD00032438E /* PokemonDetailViewModel.swift */; };
		3DD44D5E285F9B0A0032438E /* PokemonDetailUIState.swift in Sources */ = {isa = PBXBuildFile; fileRef = 3DD44D5D285F9B0A0032438E /* PokemonDetailUIState.swift */; };
		3DD44D61285FA2200032438E /* PokemonDetail.swift in Sources */ = {isa = PBXBuildFile; fileRef = 3DD44D60285FA2200032438E /* PokemonDetail.swift */; };
		3DD44D63285FDC4E0032438E /* PokemonDetailInteractor.swift in Sources */ = {isa = PBXBuildFile; fileRef = 3DD44D62285FDC4E0032438E /* PokemonDetailInteractor.swift */; };
/* End PBXBuildFile section */

/* Begin PBXContainerItemProxy section */
		3DD3BE1D285E1CDB000C91A6 /* PBXContainerItemProxy */ = {
			isa = PBXContainerItemProxy;
			containerPortal = 3DD3BE04285E1CDA000C91A6 /* Project object */;
			proxyType = 1;
			remoteGlobalIDString = 3DD3BE0B285E1CDA000C91A6;
			remoteInfo = "pokedex-ios";
		};
		3DD3BE27285E1CDB000C91A6 /* PBXContainerItemProxy */ = {
			isa = PBXContainerItemProxy;
			containerPortal = 3DD3BE04285E1CDA000C91A6 /* Project object */;
			proxyType = 1;
			remoteGlobalIDString = 3DD3BE0B285E1CDA000C91A6;
			remoteInfo = "pokedex-ios";
		};
/* End PBXContainerItemProxy section */

/* Begin PBXFileReference section */
		3DD3BE0C285E1CDA000C91A6 /* pokedex-ios.app */ = {isa = PBXFileReference; explicitFileType = wrapper.application; includeInIndex = 0; path = "pokedex-ios.app"; sourceTree = BUILT_PRODUCTS_DIR; };
		3DD3BE0F285E1CDA000C91A6 /* pokedex_iosApp.swift */ = {isa = PBXFileReference; lastKnownFileType = sourcecode.swift; path = pokedex_iosApp.swift; sourceTree = "<group>"; };
		3DD3BE13285E1CDB000C91A6 /* Assets.xcassets */ = {isa = PBXFileReference; lastKnownFileType = folder.assetcatalog; path = Assets.xcassets; sourceTree = "<group>"; };
		3DD3BE16285E1CDB000C91A6 /* Preview Assets.xcassets */ = {isa = PBXFileReference; lastKnownFileType = folder.assetcatalog; path = "Preview Assets.xcassets"; sourceTree = "<group>"; };
		3DD3BE1C285E1CDB000C91A6 /* pokedex-iosTests.xctest */ = {isa = PBXFileReference; explicitFileType = wrapper.cfbundle; includeInIndex = 0; path = "pokedex-iosTests.xctest"; sourceTree = BUILT_PRODUCTS_DIR; };
		3DD3BE20285E1CDB000C91A6 /* pokedex_iosTests.swift */ = {isa = PBXFileReference; lastKnownFileType = sourcecode.swift; path = pokedex_iosTests.swift; sourceTree = "<group>"; };
		3DD3BE26285E1CDB000C91A6 /* pokedex-iosUITests.xctest */ = {isa = PBXFileReference; explicitFileType = wrapper.cfbundle; includeInIndex = 0; path = "pokedex-iosUITests.xctest"; sourceTree = BUILT_PRODUCTS_DIR; };
		3DD3BE2A285E1CDB000C91A6 /* pokedex_iosUITests.swift */ = {isa = PBXFileReference; lastKnownFileType = sourcecode.swift; path = pokedex_iosUITests.swift; sourceTree = "<group>"; };
		3DD3BE2C285E1CDB000C91A6 /* pokedex_iosUITestsLaunchTests.swift */ = {isa = PBXFileReference; lastKnownFileType = sourcecode.swift; path = pokedex_iosUITestsLaunchTests.swift; sourceTree = "<group>"; };
		3DD3BE3F285E1E93000C91A6 /* HomeView.swift */ = {isa = PBXFileReference; lastKnownFileType = sourcecode.swift; path = HomeView.swift; sourceTree = "<group>"; };
		3DD3BE41285E1ECE000C91A6 /* Pokemon.swift */ = {isa = PBXFileReference; lastKnownFileType = sourcecode.swift; path = Pokemon.swift; sourceTree = "<group>"; };
		3DD3BE44285E20C1000C91A6 /* WebService.swift */ = {isa = PBXFileReference; lastKnownFileType = sourcecode.swift; path = WebService.swift; sourceTree = "<group>"; };
		3DD3BE46285E2CA1000C91A6 /* HomeViewModel.swift */ = {isa = PBXFileReference; lastKnownFileType = sourcecode.swift; path = HomeViewModel.swift; sourceTree = "<group>"; };
		3DD3BE49285E2CEE000C91A6 /* HomeUIState.swift */ = {isa = PBXFileReference; lastKnownFileType = sourcecode.swift; path = HomeUIState.swift; sourceTree = "<group>"; };
		3DD3BE4B285E2E50000C91A6 /* HomeInteractor.swift */ = {isa = PBXFileReference; lastKnownFileType = sourcecode.swift; path = HomeInteractor.swift; sourceTree = "<group>"; };
		3DD3BE4D285E328F000C91A6 /* PokemonDataSource.swift */ = {isa = PBXFileReference; lastKnownFileType = sourcecode.swift; path = PokemonDataSource.swift; sourceTree = "<group>"; };
		3DD3BE51285E72AE000C91A6 /* Result.swift */ = {isa = PBXFileReference; lastKnownFileType = sourcecode.swift; path = Result.swift; sourceTree = "<group>"; };
		3DD3BE53285E749B000C91A6 /* AppError.swift */ = {isa = PBXFileReference; lastKnownFileType = sourcecode.swift; path = AppError.swift; sourceTree = "<group>"; };
		3DD3BE55285E8E04000C91A6 /* PokemonCell.swift */ = {isa = PBXFileReference; lastKnownFileType = sourcecode.swift; path = PokemonCell.swift; sourceTree = "<group>"; };
		3DD44D4A285F869E0032438E /* Int+Extension.swift */ = {isa = PBXFileReference; lastKnownFileType = sourcecode.swift; path = "Int+Extension.swift"; sourceTree = "<group>"; };
		3DD44D4C285F886D0032438E /* String+Extension.swift */ = {isa = PBXFileReference; lastKnownFileType = sourcecode.swift; path = "String+Extension.swift"; sourceTree = "<group>"; };
		3DD44D53285F94980032438E /* HomeViewRouter.swift */ = {isa = PBXFileReference; lastKnownFileType = sourcecode.swift; path = HomeViewRouter.swift; sourceTree = "<group>"; };
		3DD44D59285F94DB0032438E /* PokemonDetailView.swift */ = {isa = PBXFileReference; lastKnownFileType = sourcecode.swift; path = PokemonDetailView.swift; sourceTree = "<group>"; };
		3DD44D5B285F9AD00032438E /* PokemonDetailViewModel.swift */ = {isa = PBXFileReference; lastKnownFileType = sourcecode.swift; path = PokemonDetailViewModel.swift; sourceTree = "<group>"; };
		3DD44D5D285F9B0A0032438E /* PokemonDetailUIState.swift */ = {isa = PBXFileReference; lastKnownFileType = sourcecode.swift; path = PokemonDetailUIState.swift; sourceTree = "<group>"; };
		3DD44D60285FA2200032438E /* PokemonDetail.swift */ = {isa = PBXFileReference; lastKnownFileType = sourcecode.swift; path = PokemonDetail.swift; sourceTree = "<group>"; };
		3DD44D62285FDC4E0032438E /* PokemonDetailInteractor.swift */ = {isa = PBXFileReference; lastKnownFileType = sourcecode.swift; path = PokemonDetailInteractor.swift; sourceTree = "<group>"; };
/* End PBXFileReference section */

/* Begin PBXFrameworksBuildPhase section */
		3DD3BE09285E1CDA000C91A6 /* Frameworks */ = {
			isa = PBXFrameworksBuildPhase;
			buildActionMask = 2147483647;
			files = (
				3DD3BE5C285E9A0E000C91A6 /* Kingfisher in Frameworks */,
			);
			runOnlyForDeploymentPostprocessing = 0;
		};
		3DD3BE19285E1CDB000C91A6 /* Frameworks */ = {
			isa = PBXFrameworksBuildPhase;
			buildActionMask = 2147483647;
			files = (
			);
			runOnlyForDeploymentPostprocessing = 0;
		};
		3DD3BE23285E1CDB000C91A6 /* Frameworks */ = {
			isa = PBXFrameworksBuildPhase;
			buildActionMask = 2147483647;
			files = (
			);
			runOnlyForDeploymentPostprocessing = 0;
		};
/* End PBXFrameworksBuildPhase section */

/* Begin PBXGroup section */
		3DD3BE03285E1CDA000C91A6 = {
			isa = PBXGroup;
			children = (
				3DD3BE0E285E1CDA000C91A6 /* pokedex-ios */,
				3DD3BE1F285E1CDB000C91A6 /* pokedex-iosTests */,
				3DD3BE29285E1CDB000C91A6 /* pokedex-iosUITests */,
				3DD3BE0D285E1CDA000C91A6 /* Products */,
			);
			sourceTree = "<group>";
		};
		3DD3BE0D285E1CDA000C91A6 /* Products */ = {
			isa = PBXGroup;
			children = (
				3DD3BE0C285E1CDA000C91A6 /* pokedex-ios.app */,
				3DD3BE1C285E1CDB000C91A6 /* pokedex-iosTests.xctest */,
				3DD3BE26285E1CDB000C91A6 /* pokedex-iosUITests.xctest */,
			);
			name = Products;
			sourceTree = "<group>";
		};
		3DD3BE0E285E1CDA000C91A6 /* pokedex-ios */ = {
			isa = PBXGroup;
			children = (
				3DD3BE3A285E1E75000C91A6 /* Common */,
				3DD3BE39285E1E66000C91A6 /* Features */,
				3DD3BE0F285E1CDA000C91A6 /* pokedex_iosApp.swift */,
				3DD3BE13285E1CDB000C91A6 /* Assets.xcassets */,
				3DD3BE15285E1CDB000C91A6 /* Preview Content */,
			);
			path = "pokedex-ios";
			sourceTree = "<group>";
		};
		3DD3BE15285E1CDB000C91A6 /* Preview Content */ = {
			isa = PBXGroup;
			children = (
				3DD3BE16285E1CDB000C91A6 /* Preview Assets.xcassets */,
			);
			path = "Preview Content";
			sourceTree = "<group>";
		};
		3DD3BE1F285E1CDB000C91A6 /* pokedex-iosTests */ = {
			isa = PBXGroup;
			children = (
				3DD3BE20285E1CDB000C91A6 /* pokedex_iosTests.swift */,
			);
			path = "pokedex-iosTests";
			sourceTree = "<group>";
		};
		3DD3BE29285E1CDB000C91A6 /* pokedex-iosUITests */ = {
			isa = PBXGroup;
			children = (
				3DD3BE2A285E1CDB000C91A6 /* pokedex_iosUITests.swift */,
				3DD3BE2C285E1CDB000C91A6 /* pokedex_iosUITestsLaunchTests.swift */,
			);
			path = "pokedex-iosUITests";
			sourceTree = "<group>";
		};
		3DD3BE39285E1E66000C91A6 /* Features */ = {
			isa = PBXGroup;
			children = (
				3DD44D55285F94C10032438E /* PokemonDetail */,
				3DD3BE3B285E1E7D000C91A6 /* Home */,
			);
			path = Features;
			sourceTree = "<group>";
		};
		3DD3BE3A285E1E75000C91A6 /* Common */ = {
			isa = PBXGroup;
			children = (
				3DD44D4E285F91CF0032438E /* View */,
				3DD44D47285F866A0032438E /* Lang */,
				3DD3BE43285E20B0000C91A6 /* Network */,
				3DD3BE51285E72AE000C91A6 /* Result.swift */,
				3DD3BE53285E749B000C91A6 /* AppError.swift */,
				3DD3BE4D285E328F000C91A6 /* PokemonDataSource.swift */,
			);
			path = Common;
			sourceTree = "<group>";
		};
		3DD3BE3B285E1E7D000C91A6 /* Home */ = {
			isa = PBXGroup;
			children = (
				3DD3BE3E285E1E8A000C91A6 /* Model */,
				3DD3BE3D285E1E87000C91A6 /* View */,
				3DD3BE3C285E1E83000C91A6 /* ViewModel */,
			);
			path = Home;
			sourceTree = "<group>";
		};
		3DD3BE3C285E1E83000C91A6 /* ViewModel */ = {
			isa = PBXGroup;
			children = (
				3DD3BE46285E2CA1000C91A6 /* HomeViewModel.swift */,
				3DD44D53285F94980032438E /* HomeViewRouter.swift */,
			);
			path = ViewModel;
			sourceTree = "<group>";
		};
		3DD3BE3D285E1E87000C91A6 /* View */ = {
			isa = PBXGroup;
			children = (
				3DD3BE3F285E1E93000C91A6 /* HomeView.swift */,
				3DD3BE55285E8E04000C91A6 /* PokemonCell.swift */,
			);
			path = View;
			sourceTree = "<group>";
		};
		3DD3BE3E285E1E8A000C91A6 /* Model */ = {
			isa = PBXGroup;
			children = (
				3DD3BE48285E2CDB000C91A6 /* Entity */,
				3DD3BE49285E2CEE000C91A6 /* HomeUIState.swift */,
				3DD3BE4B285E2E50000C91A6 /* HomeInteractor.swift */,
			);
			path = Model;
			sourceTree = "<group>";
		};
		3DD3BE43285E20B0000C91A6 /* Network */ = {
			isa = PBXGroup;
			children = (
				3DD3BE44285E20C1000C91A6 /* WebService.swift */,
			);
			path = Network;
			sourceTree = "<group>";
		};
		3DD3BE48285E2CDB000C91A6 /* Entity */ = {
			isa = PBXGroup;
			children = (
				3DD3BE41285E1ECE000C91A6 /* Pokemon.swift */,
			);
			path = Entity;
			sourceTree = "<group>";
		};
		3DD44D47285F866A0032438E /* Lang */ = {
			isa = PBXGroup;
			children = (
				3DD44D4A285F869E0032438E /* Int+Extension.swift */,
				3DD44D4C285F886D0032438E /* String+Extension.swift */,
			);
			path = Lang;
			sourceTree = "<group>";
		};
		3DD44D4E285F91CF0032438E /* View */ = {
			isa = PBXGroup;
			children = (
			);
			path = View;
			sourceTree = "<group>";
		};
		3DD44D55285F94C10032438E /* PokemonDetail */ = {
			isa = PBXGroup;
			children = (
				3DD44D58285F94D10032438E /* Model */,
				3DD44D57285F94CF0032438E /* View */,
				3DD44D56285F94C90032438E /* ViewModel */,
			);
			path = PokemonDetail;
			sourceTree = "<group>";
		};
		3DD44D56285F94C90032438E /* ViewModel */ = {
			isa = PBXGroup;
			children = (
				3DD44D5B285F9AD00032438E /* PokemonDetailViewModel.swift */,
			);
			path = ViewModel;
			sourceTree = "<group>";
		};
		3DD44D57285F94CF0032438E /* View */ = {
			isa = PBXGroup;
			children = (
				3DD44D59285F94DB0032438E /* PokemonDetailView.swift */,
			);
			path = View;
			sourceTree = "<group>";
		};
		3DD44D58285F94D10032438E /* Model */ = {
			isa = PBXGroup;
			children = (
				3DD44D5F285FA2170032438E /* Entity */,
				3DD44D5D285F9B0A0032438E /* PokemonDetailUIState.swift */,
				3DD44D62285FDC4E0032438E /* PokemonDetailInteractor.swift */,
			);
			path = Model;
			sourceTree = "<group>";
		};
		3DD44D5F285FA2170032438E /* Entity */ = {
			isa = PBXGroup;
			children = (
				3DD44D60285FA2200032438E /* PokemonDetail.swift */,
			);
			path = Entity;
			sourceTree = "<group>";
		};
/* End PBXGroup section */

/* Begin PBXNativeTarget section */
		3DD3BE0B285E1CDA000C91A6 /* pokedex-ios */ = {
			isa = PBXNativeTarget;
			buildConfigurationList = 3DD3BE30285E1CDB000C91A6 /* Build configuration list for PBXNativeTarget "pokedex-ios" */;
			buildPhases = (
				3DD3BE08285E1CDA000C91A6 /* Sources */,
				3DD3BE09285E1CDA000C91A6 /* Frameworks */,
				3DD3BE0A285E1CDA000C91A6 /* Resources */,
			);
			buildRules = (
			);
			dependencies = (
			);
			name = "pokedex-ios";
			packageProductDependencies = (
				3DD3BE5B285E9A0E000C91A6 /* Kingfisher */,
			);
			productName = "pokedex-ios";
			productReference = 3DD3BE0C285E1CDA000C91A6 /* pokedex-ios.app */;
			productType = "com.apple.product-type.application";
		};
		3DD3BE1B285E1CDB000C91A6 /* pokedex-iosTests */ = {
			isa = PBXNativeTarget;
			buildConfigurationList = 3DD3BE33285E1CDB000C91A6 /* Build configuration list for PBXNativeTarget "pokedex-iosTests" */;
			buildPhases = (
				3DD3BE18285E1CDB000C91A6 /* Sources */,
				3DD3BE19285E1CDB000C91A6 /* Frameworks */,
				3DD3BE1A285E1CDB000C91A6 /* Resources */,
			);
			buildRules = (
			);
			dependencies = (
				3DD3BE1E285E1CDB000C91A6 /* PBXTargetDependency */,
			);
			name = "pokedex-iosTests";
			productName = "pokedex-iosTests";
			productReference = 3DD3BE1C285E1CDB000C91A6 /* pokedex-iosTests.xctest */;
			productType = "com.apple.product-type.bundle.unit-test";
		};
		3DD3BE25285E1CDB000C91A6 /* pokedex-iosUITests */ = {
			isa = PBXNativeTarget;
			buildConfigurationList = 3DD3BE36285E1CDB000C91A6 /* Build configuration list for PBXNativeTarget "pokedex-iosUITests" */;
			buildPhases = (
				3DD3BE22285E1CDB000C91A6 /* Sources */,
				3DD3BE23285E1CDB000C91A6 /* Frameworks */,
				3DD3BE24285E1CDB000C91A6 /* Resources */,
			);
			buildRules = (
			);
			dependencies = (
				3DD3BE28285E1CDB000C91A6 /* PBXTargetDependency */,
			);
			name = "pokedex-iosUITests";
			productName = "pokedex-iosUITests";
			productReference = 3DD3BE26285E1CDB000C91A6 /* pokedex-iosUITests.xctest */;
			productType = "com.apple.product-type.bundle.ui-testing";
		};
/* End PBXNativeTarget section */

/* Begin PBXProject section */
		3DD3BE04285E1CDA000C91A6 /* Project object */ = {
			isa = PBXProject;
			attributes = {
				BuildIndependentTargetsInParallel = 1;
				LastSwiftUpdateCheck = 1340;
				LastUpgradeCheck = 1340;
				TargetAttributes = {
					3DD3BE0B285E1CDA000C91A6 = {
						CreatedOnToolsVersion = 13.4.1;
					};
					3DD3BE1B285E1CDB000C91A6 = {
						CreatedOnToolsVersion = 13.4.1;
						TestTargetID = 3DD3BE0B285E1CDA000C91A6;
					};
					3DD3BE25285E1CDB000C91A6 = {
						CreatedOnToolsVersion = 13.4.1;
						TestTargetID = 3DD3BE0B285E1CDA000C91A6;
					};
				};
			};
			buildConfigurationList = 3DD3BE07285E1CDA000C91A6 /* Build configuration list for PBXProject "pokedex-ios" */;
			compatibilityVersion = "Xcode 13.0";
			developmentRegion = en;
			hasScannedForEncodings = 0;
			knownRegions = (
				en,
				Base,
			);
			mainGroup = 3DD3BE03285E1CDA000C91A6;
			packageReferences = (
				3DD3BE5A285E9A0E000C91A6 /* XCRemoteSwiftPackageReference "Kingfisher" */,
			);
			productRefGroup = 3DD3BE0D285E1CDA000C91A6 /* Products */;
			projectDirPath = "";
			projectRoot = "";
			targets = (
				3DD3BE0B285E1CDA000C91A6 /* pokedex-ios */,
				3DD3BE1B285E1CDB000C91A6 /* pokedex-iosTests */,
				3DD3BE25285E1CDB000C91A6 /* pokedex-iosUITests */,
			);
		};
/* End PBXProject section */

/* Begin PBXResourcesBuildPhase section */
		3DD3BE0A285E1CDA000C91A6 /* Resources */ = {
			isa = PBXResourcesBuildPhase;
			buildActionMask = 2147483647;
			files = (
				3DD3BE17285E1CDB000C91A6 /* Preview Assets.xcassets in Resources */,
				3DD3BE14285E1CDB000C91A6 /* Assets.xcassets in Resources */,
			);
			runOnlyForDeploymentPostprocessing = 0;
		};
		3DD3BE1A285E1CDB000C91A6 /* Resources */ = {
			isa = PBXResourcesBuildPhase;
			buildActionMask = 2147483647;
			files = (
			);
			runOnlyForDeploymentPostprocessing = 0;
		};
		3DD3BE24285E1CDB000C91A6 /* Resources */ = {
			isa = PBXResourcesBuildPhase;
			buildActionMask = 2147483647;
			files = (
			);
			runOnlyForDeploymentPostprocessing = 0;
		};
/* End PBXResourcesBuildPhase section */

/* Begin PBXSourcesBuildPhase section */
		3DD3BE08285E1CDA000C91A6 /* Sources */ = {
			isa = PBXSourcesBuildPhase;
			buildActionMask = 2147483647;
			files = (
				3DD3BE52285E72AE000C91A6 /* Result.swift in Sources */,
				3DD3BE4E285E328F000C91A6 /* PokemonDataSource.swift in Sources */,
				3DD3BE56285E8E04000C91A6 /* PokemonCell.swift in Sources */,
				3DD3BE54285E749B000C91A6 /* AppError.swift in Sources */,
				3DD3BE10285E1CDA000C91A6 /* pokedex_iosApp.swift in Sources */,
				3DD3BE4C285E2E50000C91A6 /* HomeInteractor.swift in Sources */,
				3DD44D54285F94980032438E /* HomeViewRouter.swift in Sources */,
				3DD3BE40285E1E93000C91A6 /* HomeView.swift in Sources */,
				3DD44D4D285F886D0032438E /* String+Extension.swift in Sources */,
				3DD44D4B285F869E0032438E /* Int+Extension.swift in Sources */,
				3DD44D63285FDC4E0032438E /* PokemonDetailInteractor.swift in Sources */,
				3DD3BE4A285E2CEE000C91A6 /* HomeUIState.swift in Sources */,
				3DD44D5A285F94DB0032438E /* PokemonDetailView.swift in Sources */,
				3DD3BE45285E20C1000C91A6 /* WebService.swift in Sources */,
				3DD3BE47285E2CA1000C91A6 /* HomeViewModel.swift in Sources */,
				3DD44D5E285F9B0A0032438E /* PokemonDetailUIState.swift in Sources */,
				3DD3BE42285E1ECE000C91A6 /* Pokemon.swift in Sources */,
				3DD44D61285FA2200032438E /* PokemonDetail.swift in Sources */,
				3DD44D5C285F9AD00032438E /* PokemonDetailViewModel.swift in Sources */,
			);
			runOnlyForDeploymentPostprocessing = 0;
		};
		3DD3BE18285E1CDB000C91A6 /* Sources */ = {
			isa = PBXSourcesBuildPhase;
			buildActionMask = 2147483647;
			files = (
				3DD3BE21285E1CDB000C91A6 /* pokedex_iosTests.swift in Sources */,
			);
			runOnlyForDeploymentPostprocessing = 0;
		};
		3DD3BE22285E1CDB000C91A6 /* Sources */ = {
			isa = PBXSourcesBuildPhase;
			buildActionMask = 2147483647;
			files = (
				3DD3BE2B285E1CDB000C91A6 /* pokedex_iosUITests.swift in Sources */,
				3DD3BE2D285E1CDB000C91A6 /* pokedex_iosUITestsLaunchTests.swift in Sources */,
			);
			runOnlyForDeploymentPostprocessing = 0;
		};
/* End PBXSourcesBuildPhase section */

/* Begin PBXTargetDependency section */
		3DD3BE1E285E1CDB000C91A6 /* PBXTargetDependency */ = {
			isa = PBXTargetDependency;
			target = 3DD3BE0B285E1CDA000C91A6 /* pokedex-ios */;
			targetProxy = 3DD3BE1D285E1CDB000C91A6 /* PBXContainerItemProxy */;
		};
		3DD3BE28285E1CDB000C91A6 /* PBXTargetDependency */ = {
			isa = PBXTargetDependency;
			target = 3DD3BE0B285E1CDA000C91A6 /* pokedex-ios */;
			targetProxy = 3DD3BE27285E1CDB000C91A6 /* PBXContainerItemProxy */;
		};
/* End PBXTargetDependency section */

/* Begin XCBuildConfiguration section */
		3DD3BE2E285E1CDB000C91A6 /* Debug */ = {
			isa = XCBuildConfiguration;
			buildSettings = {
				ALWAYS_SEARCH_USER_PATHS = NO;
				CLANG_ANALYZER_NONNULL = YES;
				CLANG_ANALYZER_NUMBER_OBJECT_CONVERSION = YES_AGGRESSIVE;
				CLANG_CXX_LANGUAGE_STANDARD = "gnu++17";
				CLANG_ENABLE_MODULES = YES;
				CLANG_ENABLE_OBJC_ARC = YES;
				CLANG_ENABLE_OBJC_WEAK = YES;
				CLANG_WARN_BLOCK_CAPTURE_AUTORELEASING = YES;
				CLANG_WARN_BOOL_CONVERSION = YES;
				CLANG_WARN_COMMA = YES;
				CLANG_WARN_CONSTANT_CONVERSION = YES;
				CLANG_WARN_DEPRECATED_OBJC_IMPLEMENTATIONS = YES;
				CLANG_WARN_DIRECT_OBJC_ISA_USAGE = YES_ERROR;
				CLANG_WARN_DOCUMENTATION_COMMENTS = YES;
				CLANG_WARN_EMPTY_BODY = YES;
				CLANG_WARN_ENUM_CONVERSION = YES;
				CLANG_WARN_INFINITE_RECURSION = YES;
				CLANG_WARN_INT_CONVERSION = YES;
				CLANG_WARN_NON_LITERAL_NULL_CONVERSION = YES;
				CLANG_WARN_OBJC_IMPLICIT_RETAIN_SELF = YES;
				CLANG_WARN_OBJC_LITERAL_CONVERSION = YES;
				CLANG_WARN_OBJC_ROOT_CLASS = YES_ERROR;
				CLANG_WARN_QUOTED_INCLUDE_IN_FRAMEWORK_HEADER = YES;
				CLANG_WARN_RANGE_LOOP_ANALYSIS = YES;
				CLANG_WARN_STRICT_PROTOTYPES = YES;
				CLANG_WARN_SUSPICIOUS_MOVE = YES;
				CLANG_WARN_UNGUARDED_AVAILABILITY = YES_AGGRESSIVE;
				CLANG_WARN_UNREACHABLE_CODE = YES;
				CLANG_WARN__DUPLICATE_METHOD_MATCH = YES;
				COPY_PHASE_STRIP = NO;
				DEBUG_INFORMATION_FORMAT = dwarf;
				ENABLE_STRICT_OBJC_MSGSEND = YES;
				ENABLE_TESTABILITY = YES;
				GCC_C_LANGUAGE_STANDARD = gnu11;
				GCC_DYNAMIC_NO_PIC = NO;
				GCC_NO_COMMON_BLOCKS = YES;
				GCC_OPTIMIZATION_LEVEL = 0;
				GCC_PREPROCESSOR_DEFINITIONS = (
					"DEBUG=1",
					"$(inherited)",
				);
				GCC_WARN_64_TO_32_BIT_CONVERSION = YES;
				GCC_WARN_ABOUT_RETURN_TYPE = YES_ERROR;
				GCC_WARN_UNDECLARED_SELECTOR = YES;
				GCC_WARN_UNINITIALIZED_AUTOS = YES_AGGRESSIVE;
				GCC_WARN_UNUSED_FUNCTION = YES;
				GCC_WARN_UNUSED_VARIABLE = YES;
				IPHONEOS_DEPLOYMENT_TARGET = 15.5;
				MTL_ENABLE_DEBUG_INFO = INCLUDE_SOURCE;
				MTL_FAST_MATH = YES;
				ONLY_ACTIVE_ARCH = YES;
				SDKROOT = iphoneos;
				SWIFT_ACTIVE_COMPILATION_CONDITIONS = DEBUG;
				SWIFT_OPTIMIZATION_LEVEL = "-Onone";
			};
			name = Debug;
		};
		3DD3BE2F285E1CDB000C91A6 /* Release */ = {
			isa = XCBuildConfiguration;
			buildSettings = {
				ALWAYS_SEARCH_USER_PATHS = NO;
				CLANG_ANALYZER_NONNULL = YES;
				CLANG_ANALYZER_NUMBER_OBJECT_CONVERSION = YES_AGGRESSIVE;
				CLANG_CXX_LANGUAGE_STANDARD = "gnu++17";
				CLANG_ENABLE_MODULES = YES;
				CLANG_ENABLE_OBJC_ARC = YES;
				CLANG_ENABLE_OBJC_WEAK = YES;
				CLANG_WARN_BLOCK_CAPTURE_AUTORELEASING = YES;
				CLANG_WARN_BOOL_CONVERSION = YES;
				CLANG_WARN_COMMA = YES;
				CLANG_WARN_CONSTANT_CONVERSION = YES;
				CLANG_WARN_DEPRECATED_OBJC_IMPLEMENTATIONS = YES;
				CLANG_WARN_DIRECT_OBJC_ISA_USAGE = YES_ERROR;
				CLANG_WARN_DOCUMENTATION_COMMENTS = YES;
				CLANG_WARN_EMPTY_BODY = YES;
				CLANG_WARN_ENUM_CONVERSION = YES;
				CLANG_WARN_INFINITE_RECURSION = YES;
				CLANG_WARN_INT_CONVERSION = YES;
				CLANG_WARN_NON_LITERAL_NULL_CONVERSION = YES;
				CLANG_WARN_OBJC_IMPLICIT_RETAIN_SELF = YES;
				CLANG_WARN_OBJC_LITERAL_CONVERSION = YES;
				CLANG_WARN_OBJC_ROOT_CLASS = YES_ERROR;
				CLANG_WARN_QUOTED_INCLUDE_IN_FRAMEWORK_HEADER = YES;
				CLANG_WARN_RANGE_LOOP_ANALYSIS = YES;
				CLANG_WARN_STRICT_PROTOTYPES = YES;
				CLANG_WARN_SUSPICIOUS_MOVE = YES;
				CLANG_WARN_UNGUARDED_AVAILABILITY = YES_AGGRESSIVE;
				CLANG_WARN_UNREACHABLE_CODE = YES;
				CLANG_WARN__DUPLICATE_METHOD_MATCH = YES;
				COPY_PHASE_STRIP = NO;
				DEBUG_INFORMATION_FORMAT = "dwarf-with-dsym";
				ENABLE_NS_ASSERTIONS = NO;
				ENABLE_STRICT_OBJC_MSGSEND = YES;
				GCC_C_LANGUAGE_STANDARD = gnu11;
				GCC_NO_COMMON_BLOCKS = YES;
				GCC_WARN_64_TO_32_BIT_CONVERSION = YES;
				GCC_WARN_ABOUT_RETURN_TYPE = YES_ERROR;
				GCC_WARN_UNDECLARED_SELECTOR = YES;
				GCC_WARN_UNINITIALIZED_AUTOS = YES_AGGRESSIVE;
				GCC_WARN_UNUSED_FUNCTION = YES;
				GCC_WARN_UNUSED_VARIABLE = YES;
				IPHONEOS_DEPLOYMENT_TARGET = 15.5;
				MTL_ENABLE_DEBUG_INFO = NO;
				MTL_FAST_MATH = YES;
				SDKROOT = iphoneos;
				SWIFT_COMPILATION_MODE = wholemodule;
				SWIFT_OPTIMIZATION_LEVEL = "-O";
				VALIDATE_PRODUCT = YES;
			};
			name = Release;
		};
		3DD3BE31285E1CDB000C91A6 /* Debug */ = {
			isa = XCBuildConfiguration;
			buildSettings = {
				ASSETCATALOG_COMPILER_APPICON_NAME = AppIcon;
				ASSETCATALOG_COMPILER_GLOBAL_ACCENT_COLOR_NAME = AccentColor;
				CODE_SIGN_STYLE = Automatic;
				CURRENT_PROJECT_VERSION = 1;
				DEVELOPMENT_ASSET_PATHS = "\"pokedex-ios/Preview Content\"";
				DEVELOPMENT_TEAM = R959B34X4S;
				ENABLE_PREVIEWS = YES;
				GENERATE_INFOPLIST_FILE = YES;
				INFOPLIST_KEY_UIApplicationSceneManifest_Generation = YES;
				INFOPLIST_KEY_UIApplicationSupportsIndirectInputEvents = YES;
				INFOPLIST_KEY_UILaunchScreen_Generation = YES;
				INFOPLIST_KEY_UISupportedInterfaceOrientations_iPad = "UIInterfaceOrientationPortrait UIInterfaceOrientationPortraitUpsideDown UIInterfaceOrientationLandscapeLeft UIInterfaceOrientationLandscapeRight";
				INFOPLIST_KEY_UISupportedInterfaceOrientations_iPhone = "UIInterfaceOrientationPortrait UIInterfaceOrientationLandscapeLeft UIInterfaceOrientationLandscapeRight";
				LD_RUNPATH_SEARCH_PATHS = (
					"$(inherited)",
					"@executable_path/Frameworks",
				);
				MARKETING_VERSION = 1.0;
				PRODUCT_BUNDLE_IDENTIFIER = "dev.aquiladvx.pokedex-ios";
				PRODUCT_NAME = "$(TARGET_NAME)";
				SWIFT_EMIT_LOC_STRINGS = YES;
				SWIFT_VERSION = 5.0;
				TARGETED_DEVICE_FAMILY = "1,2";
			};
			name = Debug;
		};
		3DD3BE32285E1CDB000C91A6 /* Release */ = {
			isa = XCBuildConfiguration;
			buildSettings = {
				ASSETCATALOG_COMPILER_APPICON_NAME = AppIcon;
				ASSETCATALOG_COMPILER_GLOBAL_ACCENT_COLOR_NAME = AccentColor;
				CODE_SIGN_STYLE = Automatic;
				CURRENT_PROJECT_VERSION = 1;
				DEVELOPMENT_ASSET_PATHS = "\"pokedex-ios/Preview Content\"";
				DEVELOPMENT_TEAM = R959B34X4S;
				ENABLE_PREVIEWS = YES;
				GENERATE_INFOPLIST_FILE = YES;
				INFOPLIST_KEY_UIApplicationSceneManifest_Generation = YES;
				INFOPLIST_KEY_UIApplicationSupportsIndirectInputEvents = YES;
				INFOPLIST_KEY_UILaunchScreen_Generation = YES;
				INFOPLIST_KEY_UISupportedInterfaceOrientations_iPad = "UIInterfaceOrientationPortrait UIInterfaceOrientationPortraitUpsideDown UIInterfaceOrientationLandscapeLeft UIInterfaceOrientationLandscapeRight";
				INFOPLIST_KEY_UISupportedInterfaceOrientations_iPhone = "UIInterfaceOrientationPortrait UIInterfaceOrientationLandscapeLeft UIInterfaceOrientationLandscapeRight";
				LD_RUNPATH_SEARCH_PATHS = (
					"$(inherited)",
					"@executable_path/Frameworks",
				);
				MARKETING_VERSION = 1.0;
				PRODUCT_BUNDLE_IDENTIFIER = "dev.aquiladvx.pokedex-ios";
				PRODUCT_NAME = "$(TARGET_NAME)";
				SWIFT_EMIT_LOC_STRINGS = YES;
				SWIFT_VERSION = 5.0;
				TARGETED_DEVICE_FAMILY = "1,2";
			};
			name = Release;
		};
		3DD3BE34285E1CDB000C91A6 /* Debug */ = {
			isa = XCBuildConfiguration;
			buildSettings = {
				ALWAYS_EMBED_SWIFT_STANDARD_LIBRARIES = YES;
				BUNDLE_LOADER = "$(TEST_HOST)";
				CODE_SIGN_STYLE = Automatic;
				CURRENT_PROJECT_VERSION = 1;
				DEVELOPMENT_TEAM = R959B34X4S;
				GENERATE_INFOPLIST_FILE = YES;
				IPHONEOS_DEPLOYMENT_TARGET = 15.5;
				MARKETING_VERSION = 1.0;
				PRODUCT_BUNDLE_IDENTIFIER = "dev.aquiladvx.pokedex-iosTests";
				PRODUCT_NAME = "$(TARGET_NAME)";
				SWIFT_EMIT_LOC_STRINGS = NO;
				SWIFT_VERSION = 5.0;
				TARGETED_DEVICE_FAMILY = "1,2";
				TEST_HOST = "$(BUILT_PRODUCTS_DIR)/pokedex-ios.app/pokedex-ios";
			};
			name = Debug;
		};
		3DD3BE35285E1CDB000C91A6 /* Release */ = {
			isa = XCBuildConfiguration;
			buildSettings = {
				ALWAYS_EMBED_SWIFT_STANDARD_LIBRARIES = YES;
				BUNDLE_LOADER = "$(TEST_HOST)";
				CODE_SIGN_STYLE = Automatic;
				CURRENT_PROJECT_VERSION = 1;
				DEVELOPMENT_TEAM = R959B34X4S;
				GENERATE_INFOPLIST_FILE = YES;
				IPHONEOS_DEPLOYMENT_TARGET = 15.5;
				MARKETING_VERSION = 1.0;
				PRODUCT_BUNDLE_IDENTIFIER = "dev.aquiladvx.pokedex-iosTests";
				PRODUCT_NAME = "$(TARGET_NAME)";
				SWIFT_EMIT_LOC_STRINGS = NO;
				SWIFT_VERSION = 5.0;
				TARGETED_DEVICE_FAMILY = "1,2";
				TEST_HOST = "$(BUILT_PRODUCTS_DIR)/pokedex-ios.app/pokedex-ios";
			};
			name = Release;
		};
		3DD3BE37285E1CDB000C91A6 /* Debug */ = {
			isa = XCBuildConfiguration;
			buildSettings = {
				ALWAYS_EMBED_SWIFT_STANDARD_LIBRARIES = YES;
				CODE_SIGN_STYLE = Automatic;
				CURRENT_PROJECT_VERSION = 1;
				DEVELOPMENT_TEAM = R959B34X4S;
				GENERATE_INFOPLIST_FILE = YES;
				MARKETING_VERSION = 1.0;
				PRODUCT_BUNDLE_IDENTIFIER = "dev.aquiladvx.pokedex-iosUITests";
				PRODUCT_NAME = "$(TARGET_NAME)";
				SWIFT_EMIT_LOC_STRINGS = NO;
				SWIFT_VERSION = 5.0;
				TARGETED_DEVICE_FAMILY = "1,2";
				TEST_TARGET_NAME = "pokedex-ios";
			};
			name = Debug;
		};
		3DD3BE38285E1CDB000C91A6 /* Release */ = {
			isa = XCBuildConfiguration;
			buildSettings = {
				ALWAYS_EMBED_SWIFT_STANDARD_LIBRARIES = YES;
				CODE_SIGN_STYLE = Automatic;
				CURRENT_PROJECT_VERSION = 1;
				DEVELOPMENT_TEAM = R959B34X4S;
				GENERATE_INFOPLIST_FILE = YES;
				MARKETING_VERSION = 1.0;
				PRODUCT_BUNDLE_IDENTIFIER = "dev.aquiladvx.pokedex-iosUITests";
				PRODUCT_NAME = "$(TARGET_NAME)";
				SWIFT_EMIT_LOC_STRINGS = NO;
				SWIFT_VERSION = 5.0;
				TARGETED_DEVICE_FAMILY = "1,2";
				TEST_TARGET_NAME = "pokedex-ios";
			};
			name = Release;
		};
/* End XCBuildConfiguration section */

/* Begin XCConfigurationList section */
		3DD3BE07285E1CDA000C91A6 /* Build configuration list for PBXProject "pokedex-ios" */ = {
			isa = XCConfigurationList;
			buildConfigurations = (
				3DD3BE2E285E1CDB000C91A6 /* Debug */,
				3DD3BE2F285E1CDB000C91A6 /* Release */,
			);
			defaultConfigurationIsVisible = 0;
			defaultConfigurationName = Release;
		};
		3DD3BE30285E1CDB000C91A6 /* Build configuration list for PBXNativeTarget "pokedex-ios" */ = {
			isa = XCConfigurationList;
			buildConfigurations = (
				3DD3BE31285E1CDB000C91A6 /* Debug */,
				3DD3BE32285E1CDB000C91A6 /* Release */,
			);
			defaultConfigurationIsVisible = 0;
			defaultConfigurationName = Release;
		};
		3DD3BE33285E1CDB000C91A6 /* Build configuration list for PBXNativeTarget "pokedex-iosTests" */ = {
			isa = XCConfigurationList;
			buildConfigurations = (
				3DD3BE34285E1CDB000C91A6 /* Debug */,
				3DD3BE35285E1CDB000C91A6 /* Release */,
			);
			defaultConfigurationIsVisible = 0;
			defaultConfigurationName = Release;
		};
		3DD3BE36285E1CDB000C91A6 /* Build configuration list for PBXNativeTarget "pokedex-iosUITests" */ = {
			isa = XCConfigurationList;
			buildConfigurations = (
				3DD3BE37285E1CDB000C91A6 /* Debug */,
				3DD3BE38285E1CDB000C91A6 /* Release */,
			);
			defaultConfigurationIsVisible = 0;
			defaultConfigurationName = Release;
		};
/* End XCConfigurationList section */

/* Begin XCRemoteSwiftPackageReference section */
		3DD3BE5A285E9A0E000C91A6 /* XCRemoteSwiftPackageReference "Kingfisher" */ = {
			isa = XCRemoteSwiftPackageReference;
			repositoryURL = "https://github.com/onevcat/Kingfisher.git";
			requirement = {
				branch = master;
				kind = branch;
			};
		};
/* End XCRemoteSwiftPackageReference section */

/* Begin XCSwiftPackageProductDependency section */
		3DD3BE5B285E9A0E000C91A6 /* Kingfisher */ = {
			isa = XCSwiftPackageProductDependency;
			package = 3DD3BE5A285E9A0E000C91A6 /* XCRemoteSwiftPackageReference "Kingfisher" */;
			productName = Kingfisher;
		};
/* End XCSwiftPackageProductDependency section */
	};
	rootObject = 3DD3BE04285E1CDA000C91A6 /* Project object */;
}
